// !$*UTF8*$!
{
	archiveVersion = 1;
	classes = {
	};
	objectVersion = 46;
	objects = {

/* Begin PBXBuildFile section */
		D27A92AA1A65573300F7E546 /* MyNoteBook.xcdatamodeld in Sources */ = {isa = PBXBuildFile; fileRef = D2B9938B1A653B58000146E9 /* MyNoteBook.xcdatamodeld */; };
		D2B993871A653B58000146E9 /* main.m in Sources */ = {isa = PBXBuildFile; fileRef = D2B993861A653B58000146E9 /* main.m */; };
		D2B9938A1A653B58000146E9 /* AppDelegate.m in Sources */ = {isa = PBXBuildFile; fileRef = D2B993891A653B58000146E9 /* AppDelegate.m */; };
		D2B993901A653B58000146E9 /* ViewController.m in Sources */ = {isa = PBXBuildFile; fileRef = D2B9938F1A653B58000146E9 /* ViewController.m */; };
		D2B993931A653B58000146E9 /* Main.storyboard in Resources */ = {isa = PBXBuildFile; fileRef = D2B993911A653B58000146E9 /* Main.storyboard */; };
		D2B993951A653B58000146E9 /* Images.xcassets in Resources */ = {isa = PBXBuildFile; fileRef = D2B993941A653B58000146E9 /* Images.xcassets */; };
		D2B993981A653B58000146E9 /* LaunchScreen.xib in Resources */ = {isa = PBXBuildFile; fileRef = D2B993961A653B58000146E9 /* LaunchScreen.xib */; };
		D2B993A41A653B58000146E9 /* MyNoteBookTests.m in Sources */ = {isa = PBXBuildFile; fileRef = D2B993A31A653B58000146E9 /* MyNoteBookTests.m */; };
/* End PBXBuildFile section */

/* Begin PBXContainerItemProxy section */
		D2B9939E1A653B58000146E9 /* PBXContainerItemProxy */ = {
			isa = PBXContainerItemProxy;
			containerPortal = D2B993791A653B58000146E9 /* Project object */;
			proxyType = 1;
			remoteGlobalIDString = D2B993801A653B58000146E9;
			remoteInfo = MyNoteBook;
		};
/* End PBXContainerItemProxy section */

/* Begin PBXFileReference section */
		D2B993811A653B58000146E9 /* MyNoteBook.app */ = {isa = PBXFileReference; explicitFileType = wrapper.application; includeInIndex = 0; path = MyNoteBook.app; sourceTree = BUILT_PRODUCTS_DIR; };
		D2B993851A653B58000146E9 /* Info.plist */ = {isa = PBXFileReference; lastKnownFileType = text.plist.xml; path = Info.plist; sourceTree = "<group>"; };
		D2B993861A653B58000146E9 /* main.m */ = {isa = PBXFileReference; lastKnownFileType = sourcecode.c.objc; path = main.m; sourceTree = "<group>"; };
		D2B993881A653B58000146E9 /* AppDelegate.h */ = {isa = PBXFileReference; lastKnownFileType = sourcecode.c.h; name = AppDelegate.h; path = MyNoteBook/AppDelegate/AppDelegate.h; sourceTree = SOURCE_ROOT; };
		D2B993891A653B58000146E9 /* AppDelegate.m */ = {isa = PBXFileReference; lastKnownFileType = sourcecode.c.objc; name = AppDelegate.m; path = MyNoteBook/AppDelegate/AppDelegate.m; sourceTree = SOURCE_ROOT; };
		D2B9938C1A653B58000146E9 /* MyNoteBook.xcdatamodel */ = {isa = PBXFileReference; lastKnownFileType = wrapper.xcdatamodel; path = MyNoteBook.xcdatamodel; sourceTree = "<group>"; };
		D2B9938E1A653B58000146E9 /* ViewController.h */ = {isa = PBXFileReference; lastKnownFileType = sourcecode.c.h; path = ViewController.h; sourceTree = "<group>"; };
		D2B9938F1A653B58000146E9 /* ViewController.m */ = {isa = PBXFileReference; lastKnownFileType = sourcecode.c.objc; path = ViewController.m; sourceTree = "<group>"; };
		D2B993921A653B58000146E9 /* Base */ = {isa = PBXFileReference; lastKnownFileType = file.storyboard; name = Base; path = Base.lproj/Main.storyboard; sourceTree = "<group>"; };
		D2B993941A653B58000146E9 /* Images.xcassets */ = {isa = PBXFileReference; lastKnownFileType = folder.assetcatalog; name = Images.xcassets; path = ../Images.xcassets; sourceTree = "<group>"; };
		D2B993971A653B58000146E9 /* Base */ = {isa = PBXFileReference; lastKnownFileType = file.xib; name = Base; path = Base.lproj/LaunchScreen.xib; sourceTree = "<group>"; };
		D2B9939D1A653B58000146E9 /* MyNoteBookTests.xctest */ = {isa = PBXFileReference; explicitFileType = wrapper.cfbundle; includeInIndex = 0; path = MyNoteBookTests.xctest; sourceTree = BUILT_PRODUCTS_DIR; };
		D2B993A21A653B58000146E9 /* Info.plist */ = {isa = PBXFileReference; lastKnownFileType = text.plist.xml; path = Info.plist; sourceTree = "<group>"; };
		D2B993A31A653B58000146E9 /* MyNoteBookTests.m */ = {isa = PBXFileReference; lastKnownFileType = sourcecode.c.objc; path = MyNoteBookTests.m; sourceTree = "<group>"; };
/* End PBXFileReference section */

/* Begin PBXFrameworksBuildPhase section */
		D2B9937E1A653B58000146E9 /* Frameworks */ = {
			isa = PBXFrameworksBuildPhase;
			buildActionMask = 2147483647;
			files = (
			);
			runOnlyForDeploymentPostprocessing = 0;
		};
		D2B9939A1A653B58000146E9 /* Frameworks */ = {
			isa = PBXFrameworksBuildPhase;
			buildActionMask = 2147483647;
			files = (
			);
			runOnlyForDeploymentPostprocessing = 0;
		};
/* End PBXFrameworksBuildPhase section */

/* Begin PBXGroup section */
		D27A92A61A6555E200F7E546 /* Sections */ = {
			isa = PBXGroup;
			children = (
				D2B9938E1A653B58000146E9 /* ViewController.h */,
				D2B9938F1A653B58000146E9 /* ViewController.m */,
				D2B993911A653B58000146E9 /* Main.storyboard */,
				D2B993941A653B58000146E9 /* Images.xcassets */,
				D2B993961A653B58000146E9 /* LaunchScreen.xib */,
			);
			path = Sections;
			sourceTree = "<group>";
		};
		D27A92A71A65563000F7E546 /* Models */ = {
			isa = PBXGroup;
			children = (
			);
			path = Models;
			sourceTree = "<group>";
		};
		D27A92A81A65565700F7E546 /* AppDelegate */ = {
			isa = PBXGroup;
			children = (
				D2B993881A653B58000146E9 /* AppDelegate.h */,
				D2B993891A653B58000146E9 /* AppDelegate.m */,
			);
			path = AppDelegate;
			sourceTree = "<group>";
		};
		D2B993781A653B58000146E9 = {
			isa = PBXGroup;
			children = (
				D2B993831A653B58000146E9 /* MyNoteBook */,
				D2B993A01A653B58000146E9 /* MyNoteBookTests */,
				D2B993821A653B58000146E9 /* Products */,
			);
			sourceTree = "<group>";
		};
		D2B993821A653B58000146E9 /* Products */ = {
			isa = PBXGroup;
			children = (
				D2B993811A653B58000146E9 /* MyNoteBook.app */,
				D2B9939D1A653B58000146E9 /* MyNoteBookTests.xctest */,
			);
			name = Products;
			sourceTree = "<group>";
		};
		D2B993831A653B58000146E9 /* MyNoteBook */ = {
			isa = PBXGroup;
			children = (
				D2B9938B1A653B58000146E9 /* MyNoteBook.xcdatamodeld */,
				D27A92A81A65565700F7E546 /* AppDelegate */,
				D27A92A71A65563000F7E546 /* Models */,
				D27A92A61A6555E200F7E546 /* Sections */,
				D2B993841A653B58000146E9 /* Supporting Files */,
			);
			path = MyNoteBook;
			sourceTree = "<group>";
		};
		D2B993841A653B58000146E9 /* Supporting Files */ = {
			isa = PBXGroup;
			children = (
				D2B993851A653B58000146E9 /* Info.plist */,
				D2B993861A653B58000146E9 /* main.m */,
			);
			name = "Supporting Files";
			sourceTree = "<group>";
		};
		D2B993A01A653B58000146E9 /* MyNoteBookTests */ = {
			isa = PBXGroup;
			children = (
				D2B993A31A653B58000146E9 /* MyNoteBookTests.m */,
				D2B993A11A653B58000146E9 /* Supporting Files */,
			);
			path = MyNoteBookTests;
			sourceTree = "<group>";
		};
		D2B993A11A653B58000146E9 /* Supporting Files */ = {
			isa = PBXGroup;
			children = (
				D2B993A21A653B58000146E9 /* Info.plist */,
			);
			name = "Supporting Files";
			sourceTree = "<group>";
		};
/* End PBXGroup section */

/* Begin PBXNativeTarget section */
		D2B993801A653B58000146E9 /* MyNoteBook */ = {
			isa = PBXNativeTarget;
			buildConfigurationList = D2B993A71A653B58000146E9 /* Build configuration list for PBXNativeTarget "MyNoteBook" */;
			buildPhases = (
				D2B9937D1A653B58000146E9 /* Sources */,
				D2B9937E1A653B58000146E9 /* Frameworks */,
				D2B9937F1A653B58000146E9 /* Resources */,
			);
			buildRules = (
			);
			dependencies = (
			);
			name = MyNoteBook;
			productName = MyNoteBook;
			productReference = D2B993811A653B58000146E9 /* MyNoteBook.app */;
			productType = "com.apple.product-type.application";
		};
		D2B9939C1A653B58000146E9 /* MyNoteBookTests */ = {
			isa = PBXNativeTarget;
			buildConfigurationList = D2B993AA1A653B58000146E9 /* Build configuration list for PBXNativeTarget "MyNoteBookTests" */;
			buildPhases = (
				D2B993991A653B58000146E9 /* Sources */,
				D2B9939A1A653B58000146E9 /* Frameworks */,
				D2B9939B1A653B58000146E9 /* Resources */,
			);
			buildRules = (
			);
			dependencies = (
				D2B9939F1A653B58000146E9 /* PBXTargetDependency */,
			);
			name = MyNoteBookTests;
			productName = MyNoteBookTests;
			productReference = D2B9939D1A653B58000146E9 /* MyNoteBookTests.xctest */;
			productType = "com.apple.product-type.bundle.unit-test";
		};
/* End PBXNativeTarget section */

/* Begin PBXProject section */
		D2B993791A653B58000146E9 /* Project object */ = {
			isa = PBXProject;
			attributes = {
				LastUpgradeCheck = 0610;
				ORGANIZATIONNAME = TaoZeyu;
				TargetAttributes = {
					D2B993801A653B58000146E9 = {
						CreatedOnToolsVersion = 6.1.1;
					};
					D2B9939C1A653B58000146E9 = {
						CreatedOnToolsVersion = 6.1.1;
						TestTargetID = D2B993801A653B58000146E9;
					};
				};
			};
			buildConfigurationList = D2B9937C1A653B58000146E9 /* Build configuration list for PBXProject "MyNoteBook" */;
			compatibilityVersion = "Xcode 3.2";
			developmentRegion = English;
			hasScannedForEncodings = 0;
			knownRegions = (
				en,
				Base,
			);
			mainGroup = D2B993781A653B58000146E9;
			productRefGroup = D2B993821A653B58000146E9 /* Products */;
			projectDirPath = "";
			projectRoot = "";
			targets = (
				D2B993801A653B58000146E9 /* MyNoteBook */,
				D2B9939C1A653B58000146E9 /* MyNoteBookTests */,
			);
		};
/* End PBXProject section */

/* Begin PBXResourcesBuildPhase section */
		D2B9937F1A653B58000146E9 /* Resources */ = {
			isa = PBXResourcesBuildPhase;
			buildActionMask = 2147483647;
			files = (
				D2B993931A653B58000146E9 /* Main.storyboard in Resources */,
				D2B993981A653B58000146E9 /* LaunchScreen.xib in Resources */,
				D2B993951A653B58000146E9 /* Images.xcassets in Resources */,
			);
			runOnlyForDeploymentPostprocessing = 0;
		};
		D2B9939B1A653B58000146E9 /* Resources */ = {
			isa = PBXResourcesBuildPhase;
			buildActionMask = 2147483647;
			files = (
			);
			runOnlyForDeploymentPostprocessing = 0;
		};
/* End PBXResourcesBuildPhase section */

/* Begin PBXSourcesBuildPhase section */
		D2B9937D1A653B58000146E9 /* Sources */ = {
			isa = PBXSourcesBuildPhase;
			buildActionMask = 2147483647;
			files = (
				D2B9938A1A653B58000146E9 /* AppDelegate.m in Sources */,
				D2B993901A653B58000146E9 /* ViewController.m in Sources */,
				D27A92AA1A65573300F7E546 /* MyNoteBook.xcdatamodeld in Sources */,
				D2B993871A653B58000146E9 /* main.m in Sources */,
			);
			runOnlyForDeploymentPostprocessing = 0;
		};
		D2B993991A653B58000146E9 /* Sources */ = {
			isa = PBXSourcesBuildPhase;
			buildActionMask = 2147483647;
			files = (
				D2B993A41A653B58000146E9 /* MyNoteBookTests.m in Sources */,
			);
			runOnlyForDeploymentPostprocessing = 0;
		};
/* End PBXSourcesBuildPhase section */

/* Begin PBXTargetDependency section */
		D2B9939F1A653B58000146E9 /* PBXTargetDependency */ = {
			isa = PBXTargetDependency;
			target = D2B993801A653B58000146E9 /* MyNoteBook */;
			targetProxy = D2B9939E1A653B58000146E9 /* PBXContainerItemProxy */;
		};
/* End PBXTargetDependency section */

/* Begin PBXVariantGroup section */
		D2B993911A653B58000146E9 /* Main.storyboard */ = {
			isa = PBXVariantGroup;
			children = (
				D2B993921A653B58000146E9 /* Base */,
			);
			name = Main.storyboard;
			path = ..;
			sourceTree = "<group>";
		};
		D2B993961A653B58000146E9 /* LaunchScreen.xib */ = {
			isa = PBXVariantGroup;
			children = (
				D2B993971A653B58000146E9 /* Base */,
			);
			name = LaunchScreen.xib;
			path = ..;
			sourceTree = "<group>";
		};
/* End PBXVariantGroup section */

/* Begin XCBuildConfiguration section */
		D2B993A51A653B58000146E9 /* Debug */ = {
			isa = XCBuildConfiguration;
			buildSettings = {
				ALWAYS_SEARCH_USER_PATHS = NO;
				CLANG_CXX_LANGUAGE_STANDARD = "gnu++0x";
				CLANG_CXX_LIBRARY = "libc++";
				CLANG_ENABLE_MODULES = YES;
				CLANG_ENABLE_OBJC_ARC = YES;
				CLANG_WARN_BOOL_CONVERSION = YES;
				CLANG_WARN_CONSTANT_CONVERSION = YES;
				CLANG_WARN_DIRECT_OBJC_ISA_USAGE = YES_ERROR;
				CLANG_WARN_EMPTY_BODY = YES;
				CLANG_WARN_ENUM_CONVERSION = YES;
				CLANG_WARN_INT_CONVERSION = YES;
				CLANG_WARN_OBJC_ROOT_CLASS = YES_ERROR;
				CLANG_WARN_UNREACHABLE_CODE = YES;
				CLANG_WARN__DUPLICATE_METHOD_MATCH = YES;
				"CODE_SIGN_IDENTITY[sdk=iphoneos*]" = "iPhone Developer";
				COPY_PHASE_STRIP = NO;
				ENABLE_STRICT_OBJC_MSGSEND = YES;
				GCC_C_LANGUAGE_STANDARD = gnu99;
				GCC_DYNAMIC_NO_PIC = NO;
				GCC_OPTIMIZATION_LEVEL = 0;
				GCC_PREPROCESSOR_DEFINITIONS = (
					"DEBUG=1",
					"$(inherited)",
				);
				GCC_SYMBOLS_PRIVATE_EXTERN = NO;
				GCC_WARN_64_TO_32_BIT_CONVERSION = YES;
				GCC_WARN_ABOUT_RETURN_TYPE = YES_ERROR;
				GCC_WARN_UNDECLARED_SELECTOR = YES;
				GCC_WARN_UNINITIALIZED_AUTOS = YES_AGGRESSIVE;
				GCC_WARN_UNUSED_FUNCTION = YES;
				GCC_WARN_UNUSED_VARIABLE = YES;
				IPHONEOS_DEPLOYMENT_TARGET = 8.1;
				MTL_ENABLE_DEBUG_INFO = YES;
				ONLY_ACTIVE_ARCH = YES;
				SDKROOT = iphoneos;
			};
			name = Debug;
		};
		D2B993A61A653B58000146E9 /* Release */ = {
			isa = XCBuildConfiguration;
			buildSettings = {
				ALWAYS_SEARCH_USER_PATHS = NO;
				CLANG_CXX_LANGUAGE_STANDARD = "gnu++0x";
				CLANG_CXX_LIBRARY = "libc++";
				CLANG_ENABLE_MODULES = YES;
				CLANG_ENABLE_OBJC_ARC = YES;
				CLANG_WARN_BOOL_CONVERSION = YES;
				CLANG_WARN_CONSTANT_CONVERSION = YES;
				CLANG_WARN_DIRECT_OBJC_ISA_USAGE = YES_ERROR;
				CLANG_WARN_EMPTY_BODY = YES;
				CLANG_WARN_ENUM_CONVERSION = YES;
				CLANG_WARN_INT_CONVERSION = YES;
				CLANG_WARN_OBJC_ROOT_CLASS = YES_ERROR;
				CLANG_WARN_UNREACHABLE_CODE = YES;
				CLANG_WARN__DUPLICATE_METHOD_MATCH = YES;
				"CODE_SIGN_IDENTITY[sdk=iphoneos*]" = "iPhone Developer";
				COPY_PHASE_STRIP = YES;
				ENABLE_NS_ASSERTIONS = NO;
				ENABLE_STRICT_OBJC_MSGSEND = YES;
				GCC_C_LANGUAGE_STANDARD = gnu99;
				GCC_WARN_64_TO_32_BIT_CONVERSION = YES;
				GCC_WARN_ABOUT_RETURN_TYPE = YES_ERROR;
				GCC_WARN_UNDECLARED_SELECTOR = YES;
				GCC_WARN_UNINITIALIZED_AUTOS = YES_AGGRESSIVE;
				GCC_WARN_UNUSED_FUNCTION = YES;
				GCC_WARN_UNUSED_VARIABLE = YES;
				IPHONEOS_DEPLOYMENT_TARGET = 8.1;
				MTL_ENABLE_DEBUG_INFO = NO;
				SDKROOT = iphoneos;
				VALIDATE_PRODUCT = YES;
			};
			name = Release;
		};
		D2B993A81A653B58000146E9 /* Debug */ = {
			isa = XCBuildConfiguration;
			buildSettings = {
				ASSETCATALOG_COMPILER_APPICON_NAME = AppIcon;
				INFOPLIST_FILE = MyNoteBook/Info.plist;
				LD_RUNPATH_SEARCH_PATHS = "$(inherited) @executable_path/Frameworks";
				PRODUCT_NAME = "$(TARGET_NAME)";
			};
			name = Debug;
		};
		D2B993A91A653B58000146E9 /* Release */ = {
			isa = XCBuildConfiguration;
			buildSettings = {
				ASSETCATALOG_COMPILER_APPICON_NAME = AppIcon;
				INFOPLIST_FILE = MyNoteBook/Info.plist;
				LD_RUNPATH_SEARCH_PATHS = "$(inherited) @executable_path/Frameworks";
				PRODUCT_NAME = "$(TARGET_NAME)";
			};
			name = Release;
		};
		D2B993AB1A653B58000146E9 /* Debug */ = {
			isa = XCBuildConfiguration;
			buildSettings = {
				BUNDLE_LOADER = "$(TEST_HOST)";
				FRAMEWORK_SEARCH_PATHS = (
					"$(SDKROOT)/Developer/Library/Frameworks",
					"$(inherited)",
				);
				GCC_PREPROCESSOR_DEFINITIONS = (
					"DEBUG=1",
					"$(inherited)",
				);
				INFOPLIST_FILE = MyNoteBookTests/Info.plist;
				LD_RUNPATH_SEARCH_PATHS = "$(inherited) @executable_path/Frameworks @loader_path/Frameworks";
				PRODUCT_NAME = "$(TARGET_NAME)";
				TEST_HOST = "$(BUILT_PRODUCTS_DIR)/MyNoteBook.app/MyNoteBook";
			};
			name = Debug;
		};
		D2B993AC1A653B58000146E9 /* Release */ = {
			isa = XCBuildConfiguration;
			buildSettings = {
				BUNDLE_LOADER = "$(TEST_HOST)";
				FRAMEWORK_SEARCH_PATHS = (
					"$(SDKROOT)/Developer/Library/Frameworks",
					"$(inherited)",
				);
				INFOPLIST_FILE = MyNoteBookTests/Info.plist;
				LD_RUNPATH_SEARCH_PATHS = "$(inherited) @executable_path/Frameworks @loader_path/Frameworks";
				PRODUCT_NAME = "$(TARGET_NAME)";
				TEST_HOST = "$(BUILT_PRODUCTS_DIR)/MyNoteBook.app/MyNoteBook";
			};
			name = Release;
		};
/* End XCBuildConfiguration section */

/* Begin XCConfigurationList section */
		D2B9937C1A653B58000146E9 /* Build configuration list for PBXProject "MyNoteBook" */ = {
			isa = XCConfigurationList;
			buildConfigurations = (
				D2B993A51A653B58000146E9 /* Debug */,
				D2B993A61A653B58000146E9 /* Release */,
			);
			defaultConfigurationIsVisible = 0;
			defaultConfigurationName = Release;
		};
		D2B993A71A653B58000146E9 /* Build configuration list for PBXNativeTarget "MyNoteBook" */ = {
			isa = XCConfigurationList;
			buildConfigurations = (
				D2B993A81A653B58000146E9 /* Debug */,
				D2B993A91A653B58000146E9 /* Release */,
			);
			defaultConfigurationIsVisible = 0;
			defaultConfigurationName = Release;
		};
		D2B993AA1A653B58000146E9 /* Build configuration list for PBXNativeTarget "MyNoteBookTests" */ = {
			isa = XCConfigurationList;
			buildConfigurations = (
				D2B993AB1A653B58000146E9 /* Debug */,
				D2B993AC1A653B58000146E9 /* Release */,
			);
			defaultConfigurationIsVisible = 0;
			defaultConfigurationName = Release;
		};
/* End XCConfigurationList section */

/* Begin XCVersionGroup section */
		D2B9938B1A653B58000146E9 /* MyNoteBook.xcdatamodeld */ = {
			isa = XCVersionGroup;
			children = (
				D2B9938C1A653B58000146E9 /* MyNoteBook.xcdatamodel */,
			);
			currentVersion = D2B9938C1A653B58000146E9 /* MyNoteBook.xcdatamodel */;
			path = MyNoteBook.xcdatamodeld;
			sourceTree = "<group>";
			versionGroupType = wrapper.xcdatamodel;
			wrapsLines = 1;
		};
/* End XCVersionGroup section */
	};
	rootObject = D2B993791A653B58000146E9 /* Project object */;
}
